// !$*UTF8*$!
{
	archiveVersion = 1;
	classes = {
	};
	objectVersion = 46;
	objects = {

/* Begin PBXBuildFile section */
		516DD0B61FBD5FF40097F6A0 /* LeftViewController.m in Sources */ = {isa = PBXBuildFile; fileRef = 516DD0B51FBD5FF40097F6A0 /* LeftViewController.m */; };
		516DD0B91FBD607E0097F6A0 /* WHKNetInvoiceDataModel.m in Sources */ = {isa = PBXBuildFile; fileRef = 516DD0B81FBD607E0097F6A0 /* WHKNetInvoiceDataModel.m */; };
		516DD0BC1FBD60C10097F6A0 /* BINFoldHeaderFooterView.m in Sources */ = {isa = PBXBuildFile; fileRef = 516DD0BB1FBD60C10097F6A0 /* BINFoldHeaderFooterView.m */; };
		516DD0BE1FBD64080097F6A0 /* img_btnBack.png in Resources */ = {isa = PBXBuildFile; fileRef = 516DD0BD1FBD64080097F6A0 /* img_btnBack.png */; };
		51772C701FBA8BC7005A24BB /* NextViewController.m in Sources */ = {isa = PBXBuildFile; fileRef = 51772C6F1FBA8BC7005A24BB /* NextViewController.m */; };
		51772CA01FBA8C64005A24BB /* MJRefreshAutoFooter.m in Sources */ = {isa = PBXBuildFile; fileRef = 51772C741FBA8C64005A24BB /* MJRefreshAutoFooter.m */; };
		51772CA11FBA8C64005A24BB /* MJRefreshBackFooter.m in Sources */ = {isa = PBXBuildFile; fileRef = 51772C761FBA8C64005A24BB /* MJRefreshBackFooter.m */; };
		51772CA21FBA8C64005A24BB /* MJRefreshComponent.m in Sources */ = {isa = PBXBuildFile; fileRef = 51772C781FBA8C64005A24BB /* MJRefreshComponent.m */; };
		51772CA31FBA8C64005A24BB /* MJRefreshFooter.m in Sources */ = {isa = PBXBuildFile; fileRef = 51772C7A1FBA8C64005A24BB /* MJRefreshFooter.m */; };
		51772CA41FBA8C64005A24BB /* MJRefreshHeader.m in Sources */ = {isa = PBXBuildFile; fileRef = 51772C7C1FBA8C64005A24BB /* MJRefreshHeader.m */; };
		51772CA51FBA8C64005A24BB /* MJRefreshAutoGifFooter.m in Sources */ = {isa = PBXBuildFile; fileRef = 51772C811FBA8C64005A24BB /* MJRefreshAutoGifFooter.m */; };
		51772CA61FBA8C64005A24BB /* MJRefreshAutoNormalFooter.m in Sources */ = {isa = PBXBuildFile; fileRef = 51772C831FBA8C64005A24BB /* MJRefreshAutoNormalFooter.m */; };
		51772CA71FBA8C64005A24BB /* MJRefreshAutoStateFooter.m in Sources */ = {isa = PBXBuildFile; fileRef = 51772C851FBA8C64005A24BB /* MJRefreshAutoStateFooter.m */; };
		51772CA81FBA8C64005A24BB /* MJRefreshBackGifFooter.m in Sources */ = {isa = PBXBuildFile; fileRef = 51772C881FBA8C64005A24BB /* MJRefreshBackGifFooter.m */; };
		51772CA91FBA8C64005A24BB /* MJRefreshBackNormalFooter.m in Sources */ = {isa = PBXBuildFile; fileRef = 51772C8A1FBA8C64005A24BB /* MJRefreshBackNormalFooter.m */; };
		51772CAA1FBA8C64005A24BB /* MJRefreshBackStateFooter.m in Sources */ = {isa = PBXBuildFile; fileRef = 51772C8C1FBA8C64005A24BB /* MJRefreshBackStateFooter.m */; };
		51772CAB1FBA8C64005A24BB /* MJRefreshGifHeader.m in Sources */ = {isa = PBXBuildFile; fileRef = 51772C8F1FBA8C64005A24BB /* MJRefreshGifHeader.m */; };
		51772CAC1FBA8C64005A24BB /* MJRefreshNormalHeader.m in Sources */ = {isa = PBXBuildFile; fileRef = 51772C911FBA8C64005A24BB /* MJRefreshNormalHeader.m */; };
		51772CAD1FBA8C64005A24BB /* MJRefreshStateHeader.m in Sources */ = {isa = PBXBuildFile; fileRef = 51772C931FBA8C64005A24BB /* MJRefreshStateHeader.m */; };
		51772CAE1FBA8C64005A24BB /* MJRefresh.bundle in Resources */ = {isa = PBXBuildFile; fileRef = 51772C941FBA8C64005A24BB /* MJRefresh.bundle */; };
		51772CAF1FBA8C64005A24BB /* MJRefreshConst.m in Sources */ = {isa = PBXBuildFile; fileRef = 51772C971FBA8C64005A24BB /* MJRefreshConst.m */; };
		51772CB01FBA8C64005A24BB /* NSBundle+MJRefresh.m in Sources */ = {isa = PBXBuildFile; fileRef = 51772C991FBA8C64005A24BB /* NSBundle+MJRefresh.m */; };
		51772CB11FBA8C64005A24BB /* UIScrollView+MJExtension.m in Sources */ = {isa = PBXBuildFile; fileRef = 51772C9B1FBA8C64005A24BB /* UIScrollView+MJExtension.m */; };
		51772CB21FBA8C64005A24BB /* UIScrollView+MJRefresh.m in Sources */ = {isa = PBXBuildFile; fileRef = 51772C9D1FBA8C64005A24BB /* UIScrollView+MJRefresh.m */; };
		51772CB31FBA8C64005A24BB /* UIView+MJExtension.m in Sources */ = {isa = PBXBuildFile; fileRef = 51772C9F1FBA8C64005A24BB /* UIView+MJExtension.m */; };
		51772CBA1FBA9DC2005A24BB /* NSObject+YYModel.m in Sources */ = {isa = PBXBuildFile; fileRef = 51772CB61FBA9DC2005A24BB /* NSObject+YYModel.m */; };
		51772CBB1FBA9DC2005A24BB /* YYClassInfo.m in Sources */ = {isa = PBXBuildFile; fileRef = 51772CB81FBA9DC2005A24BB /* YYClassInfo.m */; };
		51857FA81FB9AB350040D5DA /* main.m in Sources */ = {isa = PBXBuildFile; fileRef = 51857FA71FB9AB350040D5DA /* main.m */; };
		51857FAB1FB9AB350040D5DA /* AppDelegate.m in Sources */ = {isa = PBXBuildFile; fileRef = 51857FAA1FB9AB350040D5DA /* AppDelegate.m */; };
		51857FAE1FB9AB350040D5DA /* ViewController.m in Sources */ = {isa = PBXBuildFile; fileRef = 51857FAD1FB9AB350040D5DA /* ViewController.m */; };
		51857FB11FB9AB350040D5DA /* Main.storyboard in Resources */ = {isa = PBXBuildFile; fileRef = 51857FAF1FB9AB350040D5DA /* Main.storyboard */; };
		51857FB31FB9AB350040D5DA /* Assets.xcassets in Resources */ = {isa = PBXBuildFile; fileRef = 51857FB21FB9AB350040D5DA /* Assets.xcassets */; };
		51857FB61FB9AB350040D5DA /* LaunchScreen.storyboard in Resources */ = {isa = PBXBuildFile; fileRef = 51857FB41FB9AB350040D5DA /* LaunchScreen.storyboard */; };
		51857FD11FB9ABD80040D5DA /* MainViewController.m in Sources */ = {isa = PBXBuildFile; fileRef = 51857FD01FB9ABD80040D5DA /* MainViewController.m */; };
		51857FD41FB9AC420040D5DA /* BINShoppingCartBottomView.m in Sources */ = {isa = PBXBuildFile; fileRef = 51857FD31FB9AC420040D5DA /* BINShoppingCartBottomView.m */; };
		51857FD71FB9AC530040D5DA /* WHKTableViewThirtyEightCell.m in Sources */ = {isa = PBXBuildFile; fileRef = 51857FD61FB9AC530040D5DA /* WHKTableViewThirtyEightCell.m */; };
		51857FDC1FB9AC8F0040D5DA /* BINTableViewHandle.m in Sources */ = {isa = PBXBuildFile; fileRef = 51857FD91FB9AC8F0040D5DA /* BINTableViewHandle.m */; };
		51857FDD1FB9AC8F0040D5DA /* BINTableViewHandleSections.m in Sources */ = {isa = PBXBuildFile; fileRef = 51857FDB1FB9AC8F0040D5DA /* BINTableViewHandleSections.m */; };
		51857FE31FB9AD850040D5DA /* BINImgLabelView.m in Sources */ = {isa = PBXBuildFile; fileRef = 51857FE21FB9AD850040D5DA /* BINImgLabelView.m */; };
		5185800E1FB9AEBC0040D5DA /* NSObject+Helper.m in Sources */ = {isa = PBXBuildFile; fileRef = 51857FEE1FB9AEBC0040D5DA /* NSObject+Helper.m */; };
		5185800F1FB9AEBC0040D5DA /* UIView+AddView.m in Sources */ = {isa = PBXBuildFile; fileRef = 51857FEF1FB9AEBC0040D5DA /* UIView+AddView.m */; };
		518580111FB9AEBC0040D5DA /* UIViewController+Helper.m in Sources */ = {isa = PBXBuildFile; fileRef = 51857FF21FB9AEBC0040D5DA /* UIViewController+Helper.m */; };
		518580121FB9AEBC0040D5DA /* UIView+Helper.m in Sources */ = {isa = PBXBuildFile; fileRef = 51857FF41FB9AEBC0040D5DA /* UIView+Helper.m */; };
		518580131FB9AEBC0040D5DA /* NSString+Helper.m in Sources */ = {isa = PBXBuildFile; fileRef = 51857FF61FB9AEBC0040D5DA /* NSString+Helper.m */; };
		518580141FB9AEBC0040D5DA /* UIImage+Helper.m in Sources */ = {isa = PBXBuildFile; fileRef = 51857FFB1FB9AEBC0040D5DA /* UIImage+Helper.m */; };
		518580151FB9AEBC0040D5DA /* UIImageView+ClickImageEnlarge.m in Sources */ = {isa = PBXBuildFile; fileRef = 51857FFC1FB9AEBC0040D5DA /* UIImageView+ClickImageEnlarge.m */; };
		518580161FB9AEBC0040D5DA /* NSString+Regex.m in Sources */ = {isa = PBXBuildFile; fileRef = 51857FFD1FB9AEBC0040D5DA /* NSString+Regex.m */; };
		518580171FB9AEBC0040D5DA /* NSMutableArray+Helper.m in Sources */ = {isa = PBXBuildFile; fileRef = 51857FFE1FB9AEBC0040D5DA /* NSMutableArray+Helper.m */; };
		518580181FB9AEBC0040D5DA /* NSMutableDictionary+Helper.m in Sources */ = {isa = PBXBuildFile; fileRef = 518580001FB9AEBC0040D5DA /* NSMutableDictionary+Helper.m */; };
		518580191FB9AEBC0040D5DA /* UIDevice+Helper.m in Sources */ = {isa = PBXBuildFile; fileRef = 518580041FB9AEBC0040D5DA /* UIDevice+Helper.m */; };
		5185801A1FB9AEBC0040D5DA /* NSDictionary+Helper.m in Sources */ = {isa = PBXBuildFile; fileRef = 518580061FB9AEBC0040D5DA /* NSDictionary+Helper.m */; };
		5185801B1FB9AEBC0040D5DA /* UINavigationController+Cloudox.m in Sources */ = {isa = PBXBuildFile; fileRef = 518580081FB9AEBC0040D5DA /* UINavigationController+Cloudox.m */; };
		5185801C1FB9AEBC0040D5DA /* UIViewController+Cloudox.m in Sources */ = {isa = PBXBuildFile; fileRef = 518580091FB9AEBC0040D5DA /* UIViewController+Cloudox.m */; };
		5185801D1FB9AEBC0040D5DA /* UIButton+EdgeInsets.m in Sources */ = {isa = PBXBuildFile; fileRef = 5185800C1FB9AEBC0040D5DA /* UIButton+EdgeInsets.m */; };
		518580261FB9AFDA0040D5DA /* BINTextField.m in Sources */ = {isa = PBXBuildFile; fileRef = 518580251FB9AFDA0040D5DA /* BINTextField.m */; };
		518580291FB9B0620040D5DA /* BINTextView.m in Sources */ = {isa = PBXBuildFile; fileRef = 518580281FB9B0620040D5DA /* BINTextView.m */; };
		5185802C1FB9B2E70040D5DA /* img_btn_selected.png in Resources */ = {isa = PBXBuildFile; fileRef = 5185802A1FB9B2E70040D5DA /* img_btn_selected.png */; };
		5185802D1FB9B2E70040D5DA /* img_btn_unSelect.png in Resources */ = {isa = PBXBuildFile; fileRef = 5185802B1FB9B2E70040D5DA /* img_btn_unSelect.png */; };
		518580301FB9B2FE0040D5DA /* img_addressTip_green.png in Resources */ = {isa = PBXBuildFile; fileRef = 5185802E1FB9B2FE0040D5DA /* img_addressTip_green.png */; };
		518580311FB9B2FE0040D5DA /* img_addressTip_yellow.png in Resources */ = {isa = PBXBuildFile; fileRef = 5185802F1FB9B2FE0040D5DA /* img_addressTip_yellow.png */; };
		518580331FB9B3700040D5DA /* README.md in Sources */ = {isa = PBXBuildFile; fileRef = 518580321FB9B3700040D5DA /* README.md */; };
/* End PBXBuildFile section */

/* Begin PBXFileReference section */
		516DD0B41FBD5FF40097F6A0 /* LeftViewController.h */ = {isa = PBXFileReference; fileEncoding = 4; lastKnownFileType = sourcecode.c.h; path = LeftViewController.h; sourceTree = "<group>"; };
		516DD0B51FBD5FF40097F6A0 /* LeftViewController.m */ = {isa = PBXFileReference; fileEncoding = 4; lastKnownFileType = sourcecode.c.objc; path = LeftViewController.m; sourceTree = "<group>"; };
		516DD0B71FBD607E0097F6A0 /* WHKNetInvoiceDataModel.h */ = {isa = PBXFileReference; fileEncoding = 4; lastKnownFileType = sourcecode.c.h; path = WHKNetInvoiceDataModel.h; sourceTree = "<group>"; };
		516DD0B81FBD607E0097F6A0 /* WHKNetInvoiceDataModel.m */ = {isa = PBXFileReference; fileEncoding = 4; lastKnownFileType = sourcecode.c.objc; path = WHKNetInvoiceDataModel.m; sourceTree = "<group>"; };
		516DD0BA1FBD60C10097F6A0 /* BINFoldHeaderFooterView.h */ = {isa = PBXFileReference; fileEncoding = 4; lastKnownFileType = sourcecode.c.h; path = BINFoldHeaderFooterView.h; sourceTree = "<group>"; };
		516DD0BB1FBD60C10097F6A0 /* BINFoldHeaderFooterView.m */ = {isa = PBXFileReference; fileEncoding = 4; lastKnownFileType = sourcecode.c.objc; path = BINFoldHeaderFooterView.m; sourceTree = "<group>"; };
		516DD0BD1FBD64080097F6A0 /* img_btnBack.png */ = {isa = PBXFileReference; lastKnownFileType = image.png; path = img_btnBack.png; sourceTree = "<group>"; };
		51772C6E1FBA8BC7005A24BB /* NextViewController.h */ = {isa = PBXFileReference; fileEncoding = 4; lastKnownFileType = sourcecode.c.h; path = NextViewController.h; sourceTree = "<group>"; };
		51772C6F1FBA8BC7005A24BB /* NextViewController.m */ = {isa = PBXFileReference; fileEncoding = 4; lastKnownFileType = sourcecode.c.objc; path = NextViewController.m; sourceTree = "<group>"; };
		51772C731FBA8C64005A24BB /* MJRefreshAutoFooter.h */ = {isa = PBXFileReference; fileEncoding = 4; lastKnownFileType = sourcecode.c.h; path = MJRefreshAutoFooter.h; sourceTree = "<group>"; };
		51772C741FBA8C64005A24BB /* MJRefreshAutoFooter.m */ = {isa = PBXFileReference; fileEncoding = 4; lastKnownFileType = sourcecode.c.objc; path = MJRefreshAutoFooter.m; sourceTree = "<group>"; };
		51772C751FBA8C64005A24BB /* MJRefreshBackFooter.h */ = {isa = PBXFileReference; fileEncoding = 4; lastKnownFileType = sourcecode.c.h; path = MJRefreshBackFooter.h; sourceTree = "<group>"; };
		51772C761FBA8C64005A24BB /* MJRefreshBackFooter.m */ = {isa = PBXFileReference; fileEncoding = 4; lastKnownFileType = sourcecode.c.objc; path = MJRefreshBackFooter.m; sourceTree = "<group>"; };
		51772C771FBA8C64005A24BB /* MJRefreshComponent.h */ = {isa = PBXFileReference; fileEncoding = 4; lastKnownFileType = sourcecode.c.h; path = MJRefreshComponent.h; sourceTree = "<group>"; };
		51772C781FBA8C64005A24BB /* MJRefreshComponent.m */ = {isa = PBXFileReference; fileEncoding = 4; lastKnownFileType = sourcecode.c.objc; path = MJRefreshComponent.m; sourceTree = "<group>"; };
		51772C791FBA8C64005A24BB /* MJRefreshFooter.h */ = {isa = PBXFileReference; fileEncoding = 4; lastKnownFileType = sourcecode.c.h; path = MJRefreshFooter.h; sourceTree = "<group>"; };
		51772C7A1FBA8C64005A24BB /* MJRefreshFooter.m */ = {isa = PBXFileReference; fileEncoding = 4; lastKnownFileType = sourcecode.c.objc; path = MJRefreshFooter.m; sourceTree = "<group>"; };
		51772C7B1FBA8C64005A24BB /* MJRefreshHeader.h */ = {isa = PBXFileReference; fileEncoding = 4; lastKnownFileType = sourcecode.c.h; path = MJRefreshHeader.h; sourceTree = "<group>"; };
		51772C7C1FBA8C64005A24BB /* MJRefreshHeader.m */ = {isa = PBXFileReference; fileEncoding = 4; lastKnownFileType = sourcecode.c.objc; path = MJRefreshHeader.m; sourceTree = "<group>"; };
		51772C801FBA8C64005A24BB /* MJRefreshAutoGifFooter.h */ = {isa = PBXFileReference; fileEncoding = 4; lastKnownFileType = sourcecode.c.h; path = MJRefreshAutoGifFooter.h; sourceTree = "<group>"; };
		51772C811FBA8C64005A24BB /* MJRefreshAutoGifFooter.m */ = {isa = PBXFileReference; fileEncoding = 4; lastKnownFileType = sourcecode.c.objc; path = MJRefreshAutoGifFooter.m; sourceTree = "<group>"; };
		51772C821FBA8C64005A24BB /* MJRefreshAutoNormalFooter.h */ = {isa = PBXFileReference; fileEncoding = 4; lastKnownFileType = sourcecode.c.h; path = MJRefreshAutoNormalFooter.h; sourceTree = "<group>"; };
		51772C831FBA8C64005A24BB /* MJRefreshAutoNormalFooter.m */ = {isa = PBXFileReference; fileEncoding = 4; lastKnownFileType = sourcecode.c.objc; path = MJRefreshAutoNormalFooter.m; sourceTree = "<group>"; };
		51772C841FBA8C64005A24BB /* MJRefreshAutoStateFooter.h */ = {isa = PBXFileReference; fileEncoding = 4; lastKnownFileType = sourcecode.c.h; path = MJRefreshAutoStateFooter.h; sourceTree = "<group>"; };
		51772C851FBA8C64005A24BB /* MJRefreshAutoStateFooter.m */ = {isa = PBXFileReference; fileEncoding = 4; lastKnownFileType = sourcecode.c.objc; path = MJRefreshAutoStateFooter.m; sourceTree = "<group>"; };
		51772C871FBA8C64005A24BB /* MJRefreshBackGifFooter.h */ = {isa = PBXFileReference; fileEncoding = 4; lastKnownFileType = sourcecode.c.h; path = MJRefreshBackGifFooter.h; sourceTree = "<group>"; };
		51772C881FBA8C64005A24BB /* MJRefreshBackGifFooter.m */ = {isa = PBXFileReference; fileEncoding = 4; lastKnownFileType = sourcecode.c.objc; path = MJRefreshBackGifFooter.m; sourceTree = "<group>"; };
		51772C891FBA8C64005A24BB /* MJRefreshBackNormalFooter.h */ = {isa = PBXFileReference; fileEncoding = 4; lastKnownFileType = sourcecode.c.h; path = MJRefreshBackNormalFooter.h; sourceTree = "<group>"; };
		51772C8A1FBA8C64005A24BB /* MJRefreshBackNormalFooter.m */ = {isa = PBXFileReference; fileEncoding = 4; lastKnownFileType = sourcecode.c.objc; path = MJRefreshBackNormalFooter.m; sourceTree = "<group>"; };
		51772C8B1FBA8C64005A24BB /* MJRefreshBackStateFooter.h */ = {isa = PBXFileReference; fileEncoding = 4; lastKnownFileType = sourcecode.c.h; path = MJRefreshBackStateFooter.h; sourceTree = "<group>"; };
		51772C8C1FBA8C64005A24BB /* MJRefreshBackStateFooter.m */ = {isa = PBXFileReference; fileEncoding = 4; lastKnownFileType = sourcecode.c.objc; path = MJRefreshBackStateFooter.m; sourceTree = "<group>"; };
		51772C8E1FBA8C64005A24BB /* MJRefreshGifHeader.h */ = {isa = PBXFileReference; fileEncoding = 4; lastKnownFileType = sourcecode.c.h; path = MJRefreshGifHeader.h; sourceTree = "<group>"; };
		51772C8F1FBA8C64005A24BB /* MJRefreshGifHeader.m */ = {isa = PBXFileReference; fileEncoding = 4; lastKnownFileType = sourcecode.c.objc; path = MJRefreshGifHeader.m; sourceTree = "<group>"; };
		51772C901FBA8C64005A24BB /* MJRefreshNormalHeader.h */ = {isa = PBXFileReference; fileEncoding = 4; lastKnownFileType = sourcecode.c.h; path = MJRefreshNormalHeader.h; sourceTree = "<group>"; };
		51772C911FBA8C64005A24BB /* MJRefreshNormalHeader.m */ = {isa = PBXFileReference; fileEncoding = 4; lastKnownFileType = sourcecode.c.objc; path = MJRefreshNormalHeader.m; sourceTree = "<group>"; };
		51772C921FBA8C64005A24BB /* MJRefreshStateHeader.h */ = {isa = PBXFileReference; fileEncoding = 4; lastKnownFileType = sourcecode.c.h; path = MJRefreshStateHeader.h; sourceTree = "<group>"; };
		51772C931FBA8C64005A24BB /* MJRefreshStateHeader.m */ = {isa = PBXFileReference; fileEncoding = 4; lastKnownFileType = sourcecode.c.objc; path = MJRefreshStateHeader.m; sourceTree = "<group>"; };
		51772C941FBA8C64005A24BB /* MJRefresh.bundle */ = {isa = PBXFileReference; lastKnownFileType = "wrapper.plug-in"; path = MJRefresh.bundle; sourceTree = "<group>"; };
		51772C951FBA8C64005A24BB /* MJRefresh.h */ = {isa = PBXFileReference; fileEncoding = 4; lastKnownFileType = sourcecode.c.h; path = MJRefresh.h; sourceTree = "<group>"; };
		51772C961FBA8C64005A24BB /* MJRefreshConst.h */ = {isa = PBXFileReference; fileEncoding = 4; lastKnownFileType = sourcecode.c.h; path = MJRefreshConst.h; sourceTree = "<group>"; };
		51772C971FBA8C64005A24BB /* MJRefreshConst.m */ = {isa = PBXFileReference; fileEncoding = 4; lastKnownFileType = sourcecode.c.objc; path = MJRefreshConst.m; sourceTree = "<group>"; };
		51772C981FBA8C64005A24BB /* NSBundle+MJRefresh.h */ = {isa = PBXFileReference; fileEncoding = 4; lastKnownFileType = sourcecode.c.h; path = "NSBundle+MJRefresh.h"; sourceTree = "<group>"; };
		51772C991FBA8C64005A24BB /* NSBundle+MJRefresh.m */ = {isa = PBXFileReference; fileEncoding = 4; lastKnownFileType = sourcecode.c.objc; path = "NSBundle+MJRefresh.m"; sourceTree = "<group>"; };
		51772C9A1FBA8C64005A24BB /* UIScrollView+MJExtension.h */ = {isa = PBXFileReference; fileEncoding = 4; lastKnownFileType = sourcecode.c.h; path = "UIScrollView+MJExtension.h"; sourceTree = "<group>"; };
		51772C9B1FBA8C64005A24BB /* UIScrollView+MJExtension.m */ = {isa = PBXFileReference; fileEncoding = 4; lastKnownFileType = sourcecode.c.objc; path = "UIScrollView+MJExtension.m"; sourceTree = "<group>"; };
		51772C9C1FBA8C64005A24BB /* UIScrollView+MJRefresh.h */ = {isa = PBXFileReference; fileEncoding = 4; lastKnownFileType = sourcecode.c.h; path = "UIScrollView+MJRefresh.h"; sourceTree = "<group>"; };
		51772C9D1FBA8C64005A24BB /* UIScrollView+MJRefresh.m */ = {isa = PBXFileReference; fileEncoding = 4; lastKnownFileType = sourcecode.c.objc; path = "UIScrollView+MJRefresh.m"; sourceTree = "<group>"; };
		51772C9E1FBA8C64005A24BB /* UIView+MJExtension.h */ = {isa = PBXFileReference; fileEncoding = 4; lastKnownFileType = sourcecode.c.h; path = "UIView+MJExtension.h"; sourceTree = "<group>"; };
		51772C9F1FBA8C64005A24BB /* UIView+MJExtension.m */ = {isa = PBXFileReference; fileEncoding = 4; lastKnownFileType = sourcecode.c.objc; path = "UIView+MJExtension.m"; sourceTree = "<group>"; };
		51772CB51FBA9DC2005A24BB /* NSObject+YYModel.h */ = {isa = PBXFileReference; fileEncoding = 4; lastKnownFileType = sourcecode.c.h; path = "NSObject+YYModel.h"; sourceTree = "<group>"; };
		51772CB61FBA9DC2005A24BB /* NSObject+YYModel.m */ = {isa = PBXFileReference; fileEncoding = 4; lastKnownFileType = sourcecode.c.objc; path = "NSObject+YYModel.m"; sourceTree = "<group>"; };
		51772CB71FBA9DC2005A24BB /* YYClassInfo.h */ = {isa = PBXFileReference; fileEncoding = 4; lastKnownFileType = sourcecode.c.h; path = YYClassInfo.h; sourceTree = "<group>"; };
		51772CB81FBA9DC2005A24BB /* YYClassInfo.m */ = {isa = PBXFileReference; fileEncoding = 4; lastKnownFileType = sourcecode.c.objc; path = YYClassInfo.m; sourceTree = "<group>"; };
		51772CB91FBA9DC2005A24BB /* YYModel.h */ = {isa = PBXFileReference; fileEncoding = 4; lastKnownFileType = sourcecode.c.h; path = YYModel.h; sourceTree = "<group>"; };
		51857FA31FB9AB350040D5DA /* BINShoppingCartView.app */ = {isa = PBXFileReference; explicitFileType = wrapper.application; includeInIndex = 0; path = BINShoppingCartView.app; sourceTree = BUILT_PRODUCTS_DIR; };
		51857FA71FB9AB350040D5DA /* main.m */ = {isa = PBXFileReference; lastKnownFileType = sourcecode.c.objc; path = main.m; sourceTree = "<group>"; };
		51857FA91FB9AB350040D5DA /* AppDelegate.h */ = {isa = PBXFileReference; lastKnownFileType = sourcecode.c.h; path = AppDelegate.h; sourceTree = "<group>"; };
		51857FAA1FB9AB350040D5DA /* AppDelegate.m */ = {isa = PBXFileReference; lastKnownFileType = sourcecode.c.objc; path = AppDelegate.m; sourceTree = "<group>"; };
		51857FAC1FB9AB350040D5DA /* ViewController.h */ = {isa = PBXFileReference; lastKnownFileType = sourcecode.c.h; path = ViewController.h; sourceTree = "<group>"; };
		51857FAD1FB9AB350040D5DA /* ViewController.m */ = {isa = PBXFileReference; lastKnownFileType = sourcecode.c.objc; path = ViewController.m; sourceTree = "<group>"; };
		51857FB01FB9AB350040D5DA /* Base */ = {isa = PBXFileReference; lastKnownFileType = file.storyboard; name = Base; path = Base.lproj/Main.storyboard; sourceTree = "<group>"; };
		51857FB21FB9AB350040D5DA /* Assets.xcassets */ = {isa = PBXFileReference; lastKnownFileType = folder.assetcatalog; path = Assets.xcassets; sourceTree = "<group>"; };
		51857FB51FB9AB350040D5DA /* Base */ = {isa = PBXFileReference; lastKnownFileType = file.storyboard; name = Base; path = Base.lproj/LaunchScreen.storyboard; sourceTree = "<group>"; };
		51857FB71FB9AB350040D5DA /* Info.plist */ = {isa = PBXFileReference; lastKnownFileType = text.plist.xml; path = Info.plist; sourceTree = "<group>"; };
		51857FBE1FB9AB7C0040D5DA /* BINMarco.h */ = {isa = PBXFileReference; fileEncoding = 4; lastKnownFileType = sourcecode.c.h; path = BINMarco.h; sourceTree = "<group>"; };
		51857FCF1FB9ABD80040D5DA /* MainViewController.h */ = {isa = PBXFileReference; fileEncoding = 4; lastKnownFileType = sourcecode.c.h; path = MainViewController.h; sourceTree = "<group>"; };
		51857FD01FB9ABD80040D5DA /* MainViewController.m */ = {isa = PBXFileReference; fileEncoding = 4; lastKnownFileType = sourcecode.c.objc; path = MainViewController.m; sourceTree = "<group>"; };
		51857FD21FB9AC420040D5DA /* BINShoppingCartBottomView.h */ = {isa = PBXFileReference; fileEncoding = 4; lastKnownFileType = sourcecode.c.h; path = BINShoppingCartBottomView.h; sourceTree = "<group>"; };
		51857FD31FB9AC420040D5DA /* BINShoppingCartBottomView.m */ = {isa = PBXFileReference; fileEncoding = 4; lastKnownFileType = sourcecode.c.objc; path = BINShoppingCartBottomView.m; sourceTree = "<group>"; };
		51857FD51FB9AC530040D5DA /* WHKTableViewThirtyEightCell.h */ = {isa = PBXFileReference; fileEncoding = 4; lastKnownFileType = sourcecode.c.h; path = WHKTableViewThirtyEightCell.h; sourceTree = "<group>"; };
		51857FD61FB9AC530040D5DA /* WHKTableViewThirtyEightCell.m */ = {isa = PBXFileReference; fileEncoding = 4; lastKnownFileType = sourcecode.c.objc; path = WHKTableViewThirtyEightCell.m; sourceTree = "<group>"; };
		51857FD81FB9AC8F0040D5DA /* BINTableViewHandle.h */ = {isa = PBXFileReference; fileEncoding = 4; lastKnownFileType = sourcecode.c.h; path = BINTableViewHandle.h; sourceTree = "<group>"; };
		51857FD91FB9AC8F0040D5DA /* BINTableViewHandle.m */ = {isa = PBXFileReference; fileEncoding = 4; lastKnownFileType = sourcecode.c.objc; path = BINTableViewHandle.m; sourceTree = "<group>"; };
		51857FDA1FB9AC8F0040D5DA /* BINTableViewHandleSections.h */ = {isa = PBXFileReference; fileEncoding = 4; lastKnownFileType = sourcecode.c.h; path = BINTableViewHandleSections.h; sourceTree = "<group>"; };
		51857FDB1FB9AC8F0040D5DA /* BINTableViewHandleSections.m */ = {isa = PBXFileReference; fileEncoding = 4; lastKnownFileType = sourcecode.c.objc; path = BINTableViewHandleSections.m; sourceTree = "<group>"; };
		51857FE11FB9AD850040D5DA /* BINImgLabelView.h */ = {isa = PBXFileReference; fileEncoding = 4; lastKnownFileType = sourcecode.c.h; path = BINImgLabelView.h; sourceTree = "<group>"; };
		51857FE21FB9AD850040D5DA /* BINImgLabelView.m */ = {isa = PBXFileReference; fileEncoding = 4; lastKnownFileType = sourcecode.c.objc; path = BINImgLabelView.m; sourceTree = "<group>"; };
		51857FED1FB9AEBC0040D5DA /* NSObject+Helper.h */ = {isa = PBXFileReference; fileEncoding = 4; lastKnownFileType = sourcecode.c.h; path = "NSObject+Helper.h"; sourceTree = "<group>"; };
		51857FEE1FB9AEBC0040D5DA /* NSObject+Helper.m */ = {isa = PBXFileReference; fileEncoding = 4; lastKnownFileType = sourcecode.c.objc; path = "NSObject+Helper.m"; sourceTree = "<group>"; };
		51857FEF1FB9AEBC0040D5DA /* UIView+AddView.m */ = {isa = PBXFileReference; fileEncoding = 4; lastKnownFileType = sourcecode.c.objc; path = "UIView+AddView.m"; sourceTree = "<group>"; };
		51857FF11FB9AEBC0040D5DA /* UIViewController+Helper.h */ = {isa = PBXFileReference; fileEncoding = 4; lastKnownFileType = sourcecode.c.h; path = "UIViewController+Helper.h"; sourceTree = "<group>"; };
		51857FF21FB9AEBC0040D5DA /* UIViewController+Helper.m */ = {isa = PBXFileReference; fileEncoding = 4; lastKnownFileType = sourcecode.c.objc; path = "UIViewController+Helper.m"; sourceTree = "<group>"; };
		51857FF31FB9AEBC0040D5DA /* CategoryHeader.h */ = {isa = PBXFileReference; fileEncoding = 4; lastKnownFileType = sourcecode.c.h; path = CategoryHeader.h; sourceTree = "<group>"; };
		51857FF41FB9AEBC0040D5DA /* UIView+Helper.m */ = {isa = PBXFileReference; fileEncoding = 4; lastKnownFileType = sourcecode.c.objc; path = "UIView+Helper.m"; sourceTree = "<group>"; };
		51857FF51FB9AEBC0040D5DA /* NSString+Helper.h */ = {isa = PBXFileReference; fileEncoding = 4; lastKnownFileType = sourcecode.c.h; path = "NSString+Helper.h"; sourceTree = "<group>"; };
		51857FF61FB9AEBC0040D5DA /* NSString+Helper.m */ = {isa = PBXFileReference; fileEncoding = 4; lastKnownFileType = sourcecode.c.objc; path = "NSString+Helper.m"; sourceTree = "<group>"; };
		51857FF81FB9AEBC0040D5DA /* UIView+AddView.h */ = {isa = PBXFileReference; fileEncoding = 4; lastKnownFileType = sourcecode.c.h; path = "UIView+AddView.h"; sourceTree = "<group>"; };
		51857FF91FB9AEBC0040D5DA /* UIView+Helper.h */ = {isa = PBXFileReference; fileEncoding = 4; lastKnownFileType = sourcecode.c.h; path = "UIView+Helper.h"; sourceTree = "<group>"; };
		51857FFA1FB9AEBC0040D5DA /* UIImage+Helper.h */ = {isa = PBXFileReference; fileEncoding = 4; lastKnownFileType = sourcecode.c.h; path = "UIImage+Helper.h"; sourceTree = "<group>"; };
		51857FFB1FB9AEBC0040D5DA /* UIImage+Helper.m */ = {isa = PBXFileReference; fileEncoding = 4; lastKnownFileType = sourcecode.c.objc; path = "UIImage+Helper.m"; sourceTree = "<group>"; };
		51857FFC1FB9AEBC0040D5DA /* UIImageView+ClickImageEnlarge.m */ = {isa = PBXFileReference; fileEncoding = 4; lastKnownFileType = sourcecode.c.objc; path = "UIImageView+ClickImageEnlarge.m"; sourceTree = "<group>"; };
		51857FFD1FB9AEBC0040D5DA /* NSString+Regex.m */ = {isa = PBXFileReference; fileEncoding = 4; lastKnownFileType = sourcecode.c.objc; path = "NSString+Regex.m"; sourceTree = "<group>"; };
		51857FFE1FB9AEBC0040D5DA /* NSMutableArray+Helper.m */ = {isa = PBXFileReference; fileEncoding = 4; lastKnownFileType = sourcecode.c.objc; path = "NSMutableArray+Helper.m"; sourceTree = "<group>"; };
		51857FFF1FB9AEBC0040D5DA /* NSMutableArray+Helper.h */ = {isa = PBXFileReference; fileEncoding = 4; lastKnownFileType = sourcecode.c.h; path = "NSMutableArray+Helper.h"; sourceTree = "<group>"; };
		518580001FB9AEBC0040D5DA /* NSMutableDictionary+Helper.m */ = {isa = PBXFileReference; fileEncoding = 4; lastKnownFileType = sourcecode.c.objc; path = "NSMutableDictionary+Helper.m"; sourceTree = "<group>"; };
		518580011FB9AEBC0040D5DA /* UINavigationController+Cloudox.h */ = {isa = PBXFileReference; fileEncoding = 4; lastKnownFileType = sourcecode.c.h; path = "UINavigationController+Cloudox.h"; sourceTree = "<group>"; };
		518580021FB9AEBC0040D5DA /* UIViewController+Cloudox.h */ = {isa = PBXFileReference; fileEncoding = 4; lastKnownFileType = sourcecode.c.h; path = "UIViewController+Cloudox.h"; sourceTree = "<group>"; };
		518580031FB9AEBC0040D5DA /* UIDevice+Helper.h */ = {isa = PBXFileReference; fileEncoding = 4; lastKnownFileType = sourcecode.c.h; path = "UIDevice+Helper.h"; sourceTree = "<group>"; };
		518580041FB9AEBC0040D5DA /* UIDevice+Helper.m */ = {isa = PBXFileReference; fileEncoding = 4; lastKnownFileType = sourcecode.c.objc; path = "UIDevice+Helper.m"; sourceTree = "<group>"; };
		518580051FB9AEBC0040D5DA /* NSDictionary+Helper.h */ = {isa = PBXFileReference; fileEncoding = 4; lastKnownFileType = sourcecode.c.h; path = "NSDictionary+Helper.h"; sourceTree = "<group>"; };
		518580061FB9AEBC0040D5DA /* NSDictionary+Helper.m */ = {isa = PBXFileReference; fileEncoding = 4; lastKnownFileType = sourcecode.c.objc; path = "NSDictionary+Helper.m"; sourceTree = "<group>"; };
		518580071FB9AEBC0040D5DA /* NSString+Regex.h */ = {isa = PBXFileReference; fileEncoding = 4; lastKnownFileType = sourcecode.c.h; path = "NSString+Regex.h"; sourceTree = "<group>"; };
		518580081FB9AEBC0040D5DA /* UINavigationController+Cloudox.m */ = {isa = PBXFileReference; fileEncoding = 4; lastKnownFileType = sourcecode.c.objc; path = "UINavigationController+Cloudox.m"; sourceTree = "<group>"; };
		518580091FB9AEBC0040D5DA /* UIViewController+Cloudox.m */ = {isa = PBXFileReference; fileEncoding = 4; lastKnownFileType = sourcecode.c.objc; path = "UIViewController+Cloudox.m"; sourceTree = "<group>"; };
		5185800A1FB9AEBC0040D5DA /* NSMutableDictionary+Helper.h */ = {isa = PBXFileReference; fileEncoding = 4; lastKnownFileType = sourcecode.c.h; path = "NSMutableDictionary+Helper.h"; sourceTree = "<group>"; };
		5185800B1FB9AEBC0040D5DA /* UIButton+EdgeInsets.h */ = {isa = PBXFileReference; fileEncoding = 4; lastKnownFileType = sourcecode.c.h; path = "UIButton+EdgeInsets.h"; sourceTree = "<group>"; };
		5185800C1FB9AEBC0040D5DA /* UIButton+EdgeInsets.m */ = {isa = PBXFileReference; fileEncoding = 4; lastKnownFileType = sourcecode.c.objc; path = "UIButton+EdgeInsets.m"; sourceTree = "<group>"; };
		5185800D1FB9AEBC0040D5DA /* UIImageView+ClickImageEnlarge.h */ = {isa = PBXFileReference; fileEncoding = 4; lastKnownFileType = sourcecode.c.h; path = "UIImageView+ClickImageEnlarge.h"; sourceTree = "<group>"; };
		518580241FB9AFDA0040D5DA /* BINTextField.h */ = {isa = PBXFileReference; fileEncoding = 4; lastKnownFileType = sourcecode.c.h; path = BINTextField.h; sourceTree = "<group>"; };
		518580251FB9AFDA0040D5DA /* BINTextField.m */ = {isa = PBXFileReference; fileEncoding = 4; lastKnownFileType = sourcecode.c.objc; path = BINTextField.m; sourceTree = "<group>"; };
		518580271FB9B0620040D5DA /* BINTextView.h */ = {isa = PBXFileReference; fileEncoding = 4; lastKnownFileType = sourcecode.c.h; path = BINTextView.h; sourceTree = "<group>"; };
		518580281FB9B0620040D5DA /* BINTextView.m */ = {isa = PBXFileReference; fileEncoding = 4; lastKnownFileType = sourcecode.c.objc; path = BINTextView.m; sourceTree = "<group>"; };
		5185802A1FB9B2E70040D5DA /* img_btn_selected.png */ = {isa = PBXFileReference; lastKnownFileType = image.png; path = img_btn_selected.png; sourceTree = "<group>"; };
		5185802B1FB9B2E70040D5DA /* img_btn_unSelect.png */ = {isa = PBXFileReference; lastKnownFileType = image.png; path = img_btn_unSelect.png; sourceTree = "<group>"; };
		5185802E1FB9B2FE0040D5DA /* img_addressTip_green.png */ = {isa = PBXFileReference; lastKnownFileType = image.png; path = img_addressTip_green.png; sourceTree = "<group>"; };
		5185802F1FB9B2FE0040D5DA /* img_addressTip_yellow.png */ = {isa = PBXFileReference; lastKnownFileType = image.png; path = img_addressTip_yellow.png; sourceTree = "<group>"; };
		518580321FB9B3700040D5DA /* README.md */ = {isa = PBXFileReference; fileEncoding = 4; lastKnownFileType = net.daringfireball.markdown; path = README.md; sourceTree = "<group>"; };
/* End PBXFileReference section */

/* Begin PBXFrameworksBuildPhase section */
		51857FA01FB9AB350040D5DA /* Frameworks */ = {
			isa = PBXFrameworksBuildPhase;
			buildActionMask = 2147483647;
			files = (
			);
			runOnlyForDeploymentPostprocessing = 0;
		};
/* End PBXFrameworksBuildPhase section */

/* Begin PBXGroup section */
		51772C6D1FBA8B10005A24BB /* Third */ = {
			isa = PBXGroup;
			children = (
				51772CB41FBA9DC2005A24BB /* YYModel */,
				51772C711FBA8C64005A24BB /* MJRefresh */,
			);
			path = Third;
			sourceTree = "<group>";
		};
		51772C711FBA8C64005A24BB /* MJRefresh */ = {
			isa = PBXGroup;
			children = (
				51772C721FBA8C64005A24BB /* Base */,
				51772C7D1FBA8C64005A24BB /* Custom */,
				51772C941FBA8C64005A24BB /* MJRefresh.bundle */,
				51772C951FBA8C64005A24BB /* MJRefresh.h */,
				51772C961FBA8C64005A24BB /* MJRefreshConst.h */,
				51772C971FBA8C64005A24BB /* MJRefreshConst.m */,
				51772C981FBA8C64005A24BB /* NSBundle+MJRefresh.h */,
				51772C991FBA8C64005A24BB /* NSBundle+MJRefresh.m */,
				51772C9A1FBA8C64005A24BB /* UIScrollView+MJExtension.h */,
				51772C9B1FBA8C64005A24BB /* UIScrollView+MJExtension.m */,
				51772C9C1FBA8C64005A24BB /* UIScrollView+MJRefresh.h */,
				51772C9D1FBA8C64005A24BB /* UIScrollView+MJRefresh.m */,
				51772C9E1FBA8C64005A24BB /* UIView+MJExtension.h */,
				51772C9F1FBA8C64005A24BB /* UIView+MJExtension.m */,
			);
			path = MJRefresh;
			sourceTree = "<group>";
		};
		51772C721FBA8C64005A24BB /* Base */ = {
			isa = PBXGroup;
			children = (
				51772C731FBA8C64005A24BB /* MJRefreshAutoFooter.h */,
				51772C741FBA8C64005A24BB /* MJRefreshAutoFooter.m */,
				51772C751FBA8C64005A24BB /* MJRefreshBackFooter.h */,
				51772C761FBA8C64005A24BB /* MJRefreshBackFooter.m */,
				51772C771FBA8C64005A24BB /* MJRefreshComponent.h */,
				51772C781FBA8C64005A24BB /* MJRefreshComponent.m */,
				51772C791FBA8C64005A24BB /* MJRefreshFooter.h */,
				51772C7A1FBA8C64005A24BB /* MJRefreshFooter.m */,
				51772C7B1FBA8C64005A24BB /* MJRefreshHeader.h */,
				51772C7C1FBA8C64005A24BB /* MJRefreshHeader.m */,
			);
			path = Base;
			sourceTree = "<group>";
		};
		51772C7D1FBA8C64005A24BB /* Custom */ = {
			isa = PBXGroup;
			children = (
				51772C7E1FBA8C64005A24BB /* Footer */,
				51772C8D1FBA8C64005A24BB /* Header */,
			);
			path = Custom;
			sourceTree = "<group>";
		};
		51772C7E1FBA8C64005A24BB /* Footer */ = {
			isa = PBXGroup;
			children = (
				51772C7F1FBA8C64005A24BB /* Auto */,
				51772C861FBA8C64005A24BB /* Back */,
			);
			path = Footer;
			sourceTree = "<group>";
		};
		51772C7F1FBA8C64005A24BB /* Auto */ = {
			isa = PBXGroup;
			children = (
				51772C801FBA8C64005A24BB /* MJRefreshAutoGifFooter.h */,
				51772C811FBA8C64005A24BB /* MJRefreshAutoGifFooter.m */,
				51772C821FBA8C64005A24BB /* MJRefreshAutoNormalFooter.h */,
				51772C831FBA8C64005A24BB /* MJRefreshAutoNormalFooter.m */,
				51772C841FBA8C64005A24BB /* MJRefreshAutoStateFooter.h */,
				51772C851FBA8C64005A24BB /* MJRefreshAutoStateFooter.m */,
			);
			path = Auto;
			sourceTree = "<group>";
		};
		51772C861FBA8C64005A24BB /* Back */ = {
			isa = PBXGroup;
			children = (
				51772C871FBA8C64005A24BB /* MJRefreshBackGifFooter.h */,
				51772C881FBA8C64005A24BB /* MJRefreshBackGifFooter.m */,
				51772C891FBA8C64005A24BB /* MJRefreshBackNormalFooter.h */,
				51772C8A1FBA8C64005A24BB /* MJRefreshBackNormalFooter.m */,
				51772C8B1FBA8C64005A24BB /* MJRefreshBackStateFooter.h */,
				51772C8C1FBA8C64005A24BB /* MJRefreshBackStateFooter.m */,
			);
			path = Back;
			sourceTree = "<group>";
		};
		51772C8D1FBA8C64005A24BB /* Header */ = {
			isa = PBXGroup;
			children = (
				51772C8E1FBA8C64005A24BB /* MJRefreshGifHeader.h */,
				51772C8F1FBA8C64005A24BB /* MJRefreshGifHeader.m */,
				51772C901FBA8C64005A24BB /* MJRefreshNormalHeader.h */,
				51772C911FBA8C64005A24BB /* MJRefreshNormalHeader.m */,
				51772C921FBA8C64005A24BB /* MJRefreshStateHeader.h */,
				51772C931FBA8C64005A24BB /* MJRefreshStateHeader.m */,
			);
			path = Header;
			sourceTree = "<group>";
		};
		51772CB41FBA9DC2005A24BB /* YYModel */ = {
			isa = PBXGroup;
			children = (
				51772CB51FBA9DC2005A24BB /* NSObject+YYModel.h */,
				51772CB61FBA9DC2005A24BB /* NSObject+YYModel.m */,
				51772CB71FBA9DC2005A24BB /* YYClassInfo.h */,
				51772CB81FBA9DC2005A24BB /* YYClassInfo.m */,
				51772CB91FBA9DC2005A24BB /* YYModel.h */,
			);
			path = YYModel;
			sourceTree = "<group>";
		};
		51857F9A1FB9AB350040D5DA = {
			isa = PBXGroup;
			children = (
				51857FA51FB9AB350040D5DA /* BINShoppingCartView */,
				51857FA41FB9AB350040D5DA /* Products */,
			);
			sourceTree = "<group>";
		};
		51857FA41FB9AB350040D5DA /* Products */ = {
			isa = PBXGroup;
			children = (
				51857FA31FB9AB350040D5DA /* BINShoppingCartView.app */,
			);
			name = Products;
			sourceTree = "<group>";
		};
		51857FA51FB9AB350040D5DA /* BINShoppingCartView */ = {
			isa = PBXGroup;
			children = (
				51772C6D1FBA8B10005A24BB /* Third */,
				518580321FB9B3700040D5DA /* README.md */,
				51857FBF1FB9ABA70040D5DA /* Category */,
				51857FBD1FB9AB6E0040D5DA /* ShoppingCartView */,
				51857FA91FB9AB350040D5DA /* AppDelegate.h */,
				51857FAA1FB9AB350040D5DA /* AppDelegate.m */,
				51857FCF1FB9ABD80040D5DA /* MainViewController.h */,
				51857FD01FB9ABD80040D5DA /* MainViewController.m */,
				516DD0B41FBD5FF40097F6A0 /* LeftViewController.h */,
				516DD0B51FBD5FF40097F6A0 /* LeftViewController.m */,
				51772C6E1FBA8BC7005A24BB /* NextViewController.h */,
				51772C6F1FBA8BC7005A24BB /* NextViewController.m */,
				51857FAC1FB9AB350040D5DA /* ViewController.h */,
				51857FAD1FB9AB350040D5DA /* ViewController.m */,
				51857FAF1FB9AB350040D5DA /* Main.storyboard */,
				51857FB21FB9AB350040D5DA /* Assets.xcassets */,
				51857FB41FB9AB350040D5DA /* LaunchScreen.storyboard */,
				51857FB71FB9AB350040D5DA /* Info.plist */,
				51857FA61FB9AB350040D5DA /* Supporting Files */,
			);
			path = BINShoppingCartView;
			sourceTree = "<group>";
		};
		51857FA61FB9AB350040D5DA /* Supporting Files */ = {
			isa = PBXGroup;
			children = (
				516DD0BD1FBD64080097F6A0 /* img_btnBack.png */,
				5185802E1FB9B2FE0040D5DA /* img_addressTip_green.png */,
				5185802F1FB9B2FE0040D5DA /* img_addressTip_yellow.png */,
				5185802A1FB9B2E70040D5DA /* img_btn_selected.png */,
				5185802B1FB9B2E70040D5DA /* img_btn_unSelect.png */,
				51857FA71FB9AB350040D5DA /* main.m */,
			);
			name = "Supporting Files";
			sourceTree = "<group>";
		};
		51857FBD1FB9AB6E0040D5DA /* ShoppingCartView */ = {
			isa = PBXGroup;
			children = (
				51857FBE1FB9AB7C0040D5DA /* BINMarco.h */,
				51857FD81FB9AC8F0040D5DA /* BINTableViewHandle.h */,
				51857FD91FB9AC8F0040D5DA /* BINTableViewHandle.m */,
				51857FDA1FB9AC8F0040D5DA /* BINTableViewHandleSections.h */,
				51857FDB1FB9AC8F0040D5DA /* BINTableViewHandleSections.m */,
				516DD0BA1FBD60C10097F6A0 /* BINFoldHeaderFooterView.h */,
				516DD0BB1FBD60C10097F6A0 /* BINFoldHeaderFooterView.m */,
				51857FE11FB9AD850040D5DA /* BINImgLabelView.h */,
				51857FE21FB9AD850040D5DA /* BINImgLabelView.m */,
				518580241FB9AFDA0040D5DA /* BINTextField.h */,
				518580251FB9AFDA0040D5DA /* BINTextField.m */,
				518580271FB9B0620040D5DA /* BINTextView.h */,
				518580281FB9B0620040D5DA /* BINTextView.m */,
				51857FD21FB9AC420040D5DA /* BINShoppingCartBottomView.h */,
				51857FD31FB9AC420040D5DA /* BINShoppingCartBottomView.m */,
				51857FD51FB9AC530040D5DA /* WHKTableViewThirtyEightCell.h */,
				51857FD61FB9AC530040D5DA /* WHKTableViewThirtyEightCell.m */,
				516DD0B71FBD607E0097F6A0 /* WHKNetInvoiceDataModel.h */,
				516DD0B81FBD607E0097F6A0 /* WHKNetInvoiceDataModel.m */,
			);
			path = ShoppingCartView;
			sourceTree = "<group>";
		};
		51857FBF1FB9ABA70040D5DA /* Category */ = {
			isa = PBXGroup;
			children = (
				51857FF31FB9AEBC0040D5DA /* CategoryHeader.h */,
				51857FED1FB9AEBC0040D5DA /* NSObject+Helper.h */,
				51857FEE1FB9AEBC0040D5DA /* NSObject+Helper.m */,
				51857FF11FB9AEBC0040D5DA /* UIViewController+Helper.h */,
				51857FF21FB9AEBC0040D5DA /* UIViewController+Helper.m */,
				51857FF81FB9AEBC0040D5DA /* UIView+AddView.h */,
				51857FEF1FB9AEBC0040D5DA /* UIView+AddView.m */,
				51857FF51FB9AEBC0040D5DA /* NSString+Helper.h */,
				51857FF61FB9AEBC0040D5DA /* NSString+Helper.m */,
				51857FF91FB9AEBC0040D5DA /* UIView+Helper.h */,
				51857FF41FB9AEBC0040D5DA /* UIView+Helper.m */,
				51857FFA1FB9AEBC0040D5DA /* UIImage+Helper.h */,
				51857FFB1FB9AEBC0040D5DA /* UIImage+Helper.m */,
				518580071FB9AEBC0040D5DA /* NSString+Regex.h */,
				51857FFD1FB9AEBC0040D5DA /* NSString+Regex.m */,
				51857FFF1FB9AEBC0040D5DA /* NSMutableArray+Helper.h */,
				51857FFE1FB9AEBC0040D5DA /* NSMutableArray+Helper.m */,
				518580031FB9AEBC0040D5DA /* UIDevice+Helper.h */,
				518580041FB9AEBC0040D5DA /* UIDevice+Helper.m */,
				518580051FB9AEBC0040D5DA /* NSDictionary+Helper.h */,
				518580061FB9AEBC0040D5DA /* NSDictionary+Helper.m */,
				5185800A1FB9AEBC0040D5DA /* NSMutableDictionary+Helper.h */,
				518580001FB9AEBC0040D5DA /* NSMutableDictionary+Helper.m */,
				518580011FB9AEBC0040D5DA /* UINavigationController+Cloudox.h */,
				518580081FB9AEBC0040D5DA /* UINavigationController+Cloudox.m */,
				518580021FB9AEBC0040D5DA /* UIViewController+Cloudox.h */,
				518580091FB9AEBC0040D5DA /* UIViewController+Cloudox.m */,
				5185800B1FB9AEBC0040D5DA /* UIButton+EdgeInsets.h */,
				5185800C1FB9AEBC0040D5DA /* UIButton+EdgeInsets.m */,
				5185800D1FB9AEBC0040D5DA /* UIImageView+ClickImageEnlarge.h */,
				51857FFC1FB9AEBC0040D5DA /* UIImageView+ClickImageEnlarge.m */,
			);
			path = Category;
			sourceTree = "<group>";
		};
/* End PBXGroup section */

/* Begin PBXNativeTarget section */
		51857FA21FB9AB350040D5DA /* BINShoppingCartView */ = {
			isa = PBXNativeTarget;
			buildConfigurationList = 51857FBA1FB9AB350040D5DA /* Build configuration list for PBXNativeTarget "BINShoppingCartView" */;
			buildPhases = (
				51857F9F1FB9AB350040D5DA /* Sources */,
				51857FA01FB9AB350040D5DA /* Frameworks */,
				51857FA11FB9AB350040D5DA /* Resources */,
			);
			buildRules = (
			);
			dependencies = (
			);
			name = BINShoppingCartView;
			productName = BINShoppingCartView;
			productReference = 51857FA31FB9AB350040D5DA /* BINShoppingCartView.app */;
			productType = "com.apple.product-type.application";
		};
/* End PBXNativeTarget section */

/* Begin PBXProject section */
		51857F9B1FB9AB350040D5DA /* Project object */ = {
			isa = PBXProject;
			attributes = {
				LastUpgradeCheck = 0830;
				ORGANIZATIONNAME = BIN;
				TargetAttributes = {
					51857FA21FB9AB350040D5DA = {
						CreatedOnToolsVersion = 8.3.3;
						DevelopmentTeam = 2JZLEXVN7E;
						ProvisioningStyle = Automatic;
					};
				};
			};
			buildConfigurationList = 51857F9E1FB9AB350040D5DA /* Build configuration list for PBXProject "BINShoppingCartView" */;
			compatibilityVersion = "Xcode 3.2";
			developmentRegion = English;
			hasScannedForEncodings = 0;
			knownRegions = (
				en,
				Base,
			);
			mainGroup = 51857F9A1FB9AB350040D5DA;
			productRefGroup = 51857FA41FB9AB350040D5DA /* Products */;
			projectDirPath = "";
			projectRoot = "";
			targets = (
				51857FA21FB9AB350040D5DA /* BINShoppingCartView */,
			);
		};
/* End PBXProject section */

/* Begin PBXResourcesBuildPhase section */
		51857FA11FB9AB350040D5DA /* Resources */ = {
			isa = PBXResourcesBuildPhase;
			buildActionMask = 2147483647;
			files = (
				51857FB61FB9AB350040D5DA /* LaunchScreen.storyboard in Resources */,
				5185802D1FB9B2E70040D5DA /* img_btn_unSelect.png in Resources */,
				51857FB31FB9AB350040D5DA /* Assets.xcassets in Resources */,
				518580311FB9B2FE0040D5DA /* img_addressTip_yellow.png in Resources */,
				51857FB11FB9AB350040D5DA /* Main.storyboard in Resources */,
				518580301FB9B2FE0040D5DA /* img_addressTip_green.png in Resources */,
				51772CAE1FBA8C64005A24BB /* MJRefresh.bundle in Resources */,
				516DD0BE1FBD64080097F6A0 /* img_btnBack.png in Resources */,
				5185802C1FB9B2E70040D5DA /* img_btn_selected.png in Resources */,
			);
			runOnlyForDeploymentPostprocessing = 0;
		};
/* End PBXResourcesBuildPhase section */

/* Begin PBXSourcesBuildPhase section */
		51857F9F1FB9AB350040D5DA /* Sources */ = {
			isa = PBXSourcesBuildPhase;
			buildActionMask = 2147483647;
			files = (
				51772CA21FBA8C64005A24BB /* MJRefreshComponent.m in Sources */,
				516DD0BC1FBD60C10097F6A0 /* BINFoldHeaderFooterView.m in Sources */,
				51857FAE1FB9AB350040D5DA /* ViewController.m in Sources */,
				51772C701FBA8BC7005A24BB /* NextViewController.m in Sources */,
				518580191FB9AEBC0040D5DA /* UIDevice+Helper.m in Sources */,
				51772CB21FBA8C64005A24BB /* UIScrollView+MJRefresh.m in Sources */,
				51772CA11FBA8C64005A24BB /* MJRefreshBackFooter.m in Sources */,
				51857FD71FB9AC530040D5DA /* WHKTableViewThirtyEightCell.m in Sources */,
				518580141FB9AEBC0040D5DA /* UIImage+Helper.m in Sources */,
				51772CB01FBA8C64005A24BB /* NSBundle+MJRefresh.m in Sources */,
				51772CA51FBA8C64005A24BB /* MJRefreshAutoGifFooter.m in Sources */,
				51772CA71FBA8C64005A24BB /* MJRefreshAutoStateFooter.m in Sources */,
				51857FDD1FB9AC8F0040D5DA /* BINTableViewHandleSections.m in Sources */,
				518580151FB9AEBC0040D5DA /* UIImageView+ClickImageEnlarge.m in Sources */,
				51772CB11FBA8C64005A24BB /* UIScrollView+MJExtension.m in Sources */,
				51857FAB1FB9AB350040D5DA /* AppDelegate.m in Sources */,
				51857FD11FB9ABD80040D5DA /* MainViewController.m in Sources */,
				518580291FB9B0620040D5DA /* BINTextView.m in Sources */,
				518580181FB9AEBC0040D5DA /* NSMutableDictionary+Helper.m in Sources */,
				518580111FB9AEBC0040D5DA /* UIViewController+Helper.m in Sources */,
				51857FD41FB9AC420040D5DA /* BINShoppingCartBottomView.m in Sources */,
				51772CA91FBA8C64005A24BB /* MJRefreshBackNormalFooter.m in Sources */,
				51772CAC1FBA8C64005A24BB /* MJRefreshNormalHeader.m in Sources */,
				518580331FB9B3700040D5DA /* README.md in Sources */,
				51857FA81FB9AB350040D5DA /* main.m in Sources */,
				516DD0B91FBD607E0097F6A0 /* WHKNetInvoiceDataModel.m in Sources */,
				51772CAA1FBA8C64005A24BB /* MJRefreshBackStateFooter.m in Sources */,
				51772CAB1FBA8C64005A24BB /* MJRefreshGifHeader.m in Sources */,
				51772CA61FBA8C64005A24BB /* MJRefreshAutoNormalFooter.m in Sources */,
				518580161FB9AEBC0040D5DA /* NSString+Regex.m in Sources */,
				51857FE31FB9AD850040D5DA /* BINImgLabelView.m in Sources */,
				51772CA81FBA8C64005A24BB /* MJRefreshBackGifFooter.m in Sources */,
				518580261FB9AFDA0040D5DA /* BINTextField.m in Sources */,
				5185801D1FB9AEBC0040D5DA /* UIButton+EdgeInsets.m in Sources */,
				51772CAF1FBA8C64005A24BB /* MJRefreshConst.m in Sources */,
				51857FDC1FB9AC8F0040D5DA /* BINTableViewHandle.m in Sources */,
				5185800E1FB9AEBC0040D5DA /* NSObject+Helper.m in Sources */,
				51772CBA1FBA9DC2005A24BB /* NSObject+YYModel.m in Sources */,
				516DD0B61FBD5FF40097F6A0 /* LeftViewController.m in Sources */,
				5185800F1FB9AEBC0040D5DA /* UIView+AddView.m in Sources */,
				5185801A1FB9AEBC0040D5DA /* NSDictionary+Helper.m in Sources */,
				5185801B1FB9AEBC0040D5DA /* UINavigationController+Cloudox.m in Sources */,
				51772CB31FBA8C64005A24BB /* UIView+MJExtension.m in Sources */,
				518580121FB9AEBC0040D5DA /* UIView+Helper.m in Sources */,
				5185801C1FB9AEBC0040D5DA /* UIViewController+Cloudox.m in Sources */,
				51772CA41FBA8C64005A24BB /* MJRefreshHeader.m in Sources */,
				51772CAD1FBA8C64005A24BB /* MJRefreshStateHeader.m in Sources */,
				518580131FB9AEBC0040D5DA /* NSString+Helper.m in Sources */,
				51772CBB1FBA9DC2005A24BB /* YYClassInfo.m in Sources */,
				51772CA01FBA8C64005A24BB /* MJRefreshAutoFooter.m in Sources */,
				518580171FB9AEBC0040D5DA /* NSMutableArray+Helper.m in Sources */,
				51772CA31FBA8C64005A24BB /* MJRefreshFooter.m in Sources */,
			);
			runOnlyForDeploymentPostprocessing = 0;
		};
/* End PBXSourcesBuildPhase section */

/* Begin PBXVariantGroup section */
		51857FAF1FB9AB350040D5DA /* Main.storyboard */ = {
			isa = PBXVariantGroup;
			children = (
				51857FB01FB9AB350040D5DA /* Base */,
			);
			name = Main.storyboard;
			sourceTree = "<group>";
		};
		51857FB41FB9AB350040D5DA /* LaunchScreen.storyboard */ = {
			isa = PBXVariantGroup;
			children = (
				51857FB51FB9AB350040D5DA /* Base */,
			);
			name = LaunchScreen.storyboard;
			sourceTree = "<group>";
		};
/* End PBXVariantGroup section */

/* Begin XCBuildConfiguration section */
		51857FB81FB9AB350040D5DA /* Debug */ = {
			isa = XCBuildConfiguration;
			buildSettings = {
				ALWAYS_SEARCH_USER_PATHS = NO;
				CLANG_ANALYZER_NONNULL = YES;
				CLANG_ANALYZER_NUMBER_OBJECT_CONVERSION = YES_AGGRESSIVE;
				CLANG_CXX_LANGUAGE_STANDARD = "gnu++0x";
				CLANG_CXX_LIBRARY = "libc++";
				CLANG_ENABLE_MODULES = YES;
				CLANG_ENABLE_OBJC_ARC = YES;
				CLANG_WARN_BOOL_CONVERSION = YES;
				CLANG_WARN_CONSTANT_CONVERSION = YES;
				CLANG_WARN_DIRECT_OBJC_ISA_USAGE = YES_ERROR;
				CLANG_WARN_DOCUMENTATION_COMMENTS = YES;
				CLANG_WARN_EMPTY_BODY = YES;
				CLANG_WARN_ENUM_CONVERSION = YES;
				CLANG_WARN_INFINITE_RECURSION = YES;
				CLANG_WARN_INT_CONVERSION = YES;
				CLANG_WARN_OBJC_ROOT_CLASS = YES_ERROR;
				CLANG_WARN_SUSPICIOUS_MOVE = YES;
				CLANG_WARN_UNREACHABLE_CODE = YES;
				CLANG_WARN__DUPLICATE_METHOD_MATCH = YES;
				"CODE_SIGN_IDENTITY[sdk=iphoneos*]" = "iPhone Developer";
				COPY_PHASE_STRIP = NO;
				DEBUG_INFORMATION_FORMAT = dwarf;
				ENABLE_STRICT_OBJC_MSGSEND = YES;
				ENABLE_TESTABILITY = YES;
				GCC_C_LANGUAGE_STANDARD = gnu99;
				GCC_DYNAMIC_NO_PIC = NO;
				GCC_NO_COMMON_BLOCKS = YES;
				GCC_OPTIMIZATION_LEVEL = 0;
				GCC_PREPROCESSOR_DEFINITIONS = (
					"DEBUG=1",
					"$(inherited)",
				);
				GCC_WARN_64_TO_32_BIT_CONVERSION = YES;
				GCC_WARN_ABOUT_RETURN_TYPE = YES_ERROR;
				GCC_WARN_UNDECLARED_SELECTOR = YES;
				GCC_WARN_UNINITIALIZED_AUTOS = YES_AGGRESSIVE;
				GCC_WARN_UNUSED_FUNCTION = YES;
				GCC_WARN_UNUSED_VARIABLE = YES;
				IPHONEOS_DEPLOYMENT_TARGET = 10.3;
				MTL_ENABLE_DEBUG_INFO = YES;
				ONLY_ACTIVE_ARCH = YES;
				SDKROOT = iphoneos;
			};
			name = Debug;
		};
		51857FB91FB9AB350040D5DA /* Release */ = {
			isa = XCBuildConfiguration;
			buildSettings = {
				ALWAYS_SEARCH_USER_PATHS = NO;
				CLANG_ANALYZER_NONNULL = YES;
				CLANG_ANALYZER_NUMBER_OBJECT_CONVERSION = YES_AGGRESSIVE;
				CLANG_CXX_LANGUAGE_STANDARD = "gnu++0x";
				CLANG_CXX_LIBRARY = "libc++";
				CLANG_ENABLE_MODULES = YES;
				CLANG_ENABLE_OBJC_ARC = YES;
				CLANG_WARN_BOOL_CONVERSION = YES;
				CLANG_WARN_CONSTANT_CONVERSION = YES;
				CLANG_WARN_DIRECT_OBJC_ISA_USAGE = YES_ERROR;
				CLANG_WARN_DOCUMENTATION_COMMENTS = YES;
				CLANG_WARN_EMPTY_BODY = YES;
				CLANG_WARN_ENUM_CONVERSION = YES;
				CLANG_WARN_INFINITE_RECURSION = YES;
				CLANG_WARN_INT_CONVERSION = YES;
				CLANG_WARN_OBJC_ROOT_CLASS = YES_ERROR;
				CLANG_WARN_SUSPICIOUS_MOVE = YES;
				CLANG_WARN_UNREACHABLE_CODE = YES;
				CLANG_WARN__DUPLICATE_METHOD_MATCH = YES;
				"CODE_SIGN_IDENTITY[sdk=iphoneos*]" = "iPhone Developer";
				COPY_PHASE_STRIP = NO;
				DEBUG_INFORMATION_FORMAT = "dwarf-with-dsym";
				ENABLE_NS_ASSERTIONS = NO;
				ENABLE_STRICT_OBJC_MSGSEND = YES;
				GCC_C_LANGUAGE_STANDARD = gnu99;
				GCC_NO_COMMON_BLOCKS = YES;
				GCC_WARN_64_TO_32_BIT_CONVERSION = YES;
				GCC_WARN_ABOUT_RETURN_TYPE = YES_ERROR;
				GCC_WARN_UNDECLARED_SELECTOR = YES;
				GCC_WARN_UNINITIALIZED_AUTOS = YES_AGGRESSIVE;
				GCC_WARN_UNUSED_FUNCTION = YES;
				GCC_WARN_UNUSED_VARIABLE = YES;
				IPHONEOS_DEPLOYMENT_TARGET = 10.3;
				MTL_ENABLE_DEBUG_INFO = NO;
				SDKROOT = iphoneos;
				VALIDATE_PRODUCT = YES;
			};
			name = Release;
		};
		51857FBB1FB9AB350040D5DA /* Debug */ = {
			isa = XCBuildConfiguration;
			buildSettings = {
				ASSETCATALOG_COMPILER_APPICON_NAME = AppIcon;
				DEVELOPMENT_TEAM = 2JZLEXVN7E;
				INFOPLIST_FILE = BINShoppingCartView/Info.plist;
				LD_RUNPATH_SEARCH_PATHS = "$(inherited) @executable_path/Frameworks";
				PRODUCT_BUNDLE_IDENTIFIER = BIN.BINShoppingCartView;
				PRODUCT_NAME = "$(TARGET_NAME)";
			};
			name = Debug;
		};
		51857FBC1FB9AB350040D5DA /* Release */ = {
			isa = XCBuildConfiguration;
			buildSettings = {
				ASSETCATALOG_COMPILER_APPICON_NAME = AppIcon;
				DEVELOPMENT_TEAM = 2JZLEXVN7E;
				INFOPLIST_FILE = BINShoppingCartView/Info.plist;
				LD_RUNPATH_SEARCH_PATHS = "$(inherited) @executable_path/Frameworks";
				PRODUCT_BUNDLE_IDENTIFIER = BIN.BINShoppingCartView;
				PRODUCT_NAME = "$(TARGET_NAME)";
			};
			name = Release;
		};
/* End XCBuildConfiguration section */

/* Begin XCConfigurationList section */
		51857F9E1FB9AB350040D5DA /* Build configuration list for PBXProject "BINShoppingCartView" */ = {
			isa = XCConfigurationList;
			buildConfigurations = (
				51857FB81FB9AB350040D5DA /* Debug */,
				51857FB91FB9AB350040D5DA /* Release */,
			);
			defaultConfigurationIsVisible = 0;
			defaultConfigurationName = Release;
		};
		51857FBA1FB9AB350040D5DA /* Build configuration list for PBXNativeTarget "BINShoppingCartView" */ = {
			isa = XCConfigurationList;
			buildConfigurations = (
				51857FBB1FB9AB350040D5DA /* Debug */,
				51857FBC1FB9AB350040D5DA /* Release */,
			);
			defaultConfigurationIsVisible = 0;
			defaultConfigurationName = Release;
		};
/* End XCConfigurationList section */
	};
	rootObject = 51857F9B1FB9AB350040D5DA /* Project object */;
}
